
Microsoft Visual Studio Solution File, Format Version 12.00
# Visual Studio 15
Project("{FAE04EC0-301F-11D3-BF4B-00C04F79EFBC}") = "Assembly-CSharp", "Assembly-CSharp.csproj", "{0B4FDD87-1780-48D8-74C5-B9C68492E7D4}"
EndProject
Project("{FAE04EC0-301F-11D3-BF4B-00C04F79EFBC}") = "Assembly-CSharp-Editor", "Assembly-CSharp-Editor.csproj", "{7C48406F-D21D-D4E8-F3CF-8F63BD8E45C5}"
EndProject
Project("{FAE04EC0-301F-11D3-BF4B-00C04F79EFBC}") = "Assembly-CSharp-firstpass", "Assembly-CSharp-firstpass.csproj", "{AA6C2E5B-5331-5BEE-F67A-E109B0804428}"
EndProject
Global
	GlobalSection(SolutionConfigurationPlatforms) = preSolution
		Debug|Any CPU = Debug|Any CPU
		Release|Any CPU = Release|Any CPU
	EndGlobalSection
	GlobalSection(ProjectConfigurationPlatforms) = postSolution
		{0B4FDD87-1780-48D8-74C5-B9C68492E7D4}.Debug|Any CPU.ActiveCfg = Debug|Any CPU
		{0B4FDD87-1780-48D8-74C5-B9C68492E7D4}.Debug|Any CPU.Build.0 = Debug|Any CPU
		{0B4FDD87-1780-48D8-74C5-B9C68492E7D4}.Release|Any CPU.ActiveCfg = Release|Any CPU
		{0B4FDD87-1780-48D8-74C5-B9C68492E7D4}.Release|Any CPU.Build.0 = Release|Any CPU
		{7C48406F-D21D-D4E8-F3CF-8F63BD8E45C5}.Debug|Any CPU.ActiveCfg = Debug|Any CPU
		{7C48406F-D21D-D4E8-F3CF-8F63BD8E45C5}.Debug|Any CPU.Build.0 = Debug|Any CPU
		{7C48406F-D21D-D4E8-F3CF-8F63BD8E45C5}.Release|Any CPU.ActiveCfg = Release|Any CPU
		{7C48406F-D21D-D4E8-F3CF-8F63BD8E45C5}.Release|Any CPU.Build.0 = Release|Any CPU
		{AA6C2E5B-5331-5BEE-F67A-E109B0804428}.Debug|Any CPU.ActiveCfg = Debug|Any CPU
		{AA6C2E5B-5331-5BEE-F67A-E109B0804428}.Debug|Any CPU.Build.0 = Debug|Any CPU
		{AA6C2E5B-5331-5BEE-F67A-E109B0804428}.Release|Any CPU.ActiveCfg = Release|Any CPU
		{AA6C2E5B-5331-5BEE-F67A-E109B0804428}.Release|Any CPU.Build.0 = Release|Any CPU
	EndGlobalSection
	GlobalSection(SolutionProperties) = preSolution
		HideSolutionNode = FALSE
	EndGlobalSection
EndGlobal
